
Microsoft Visual Studio Solution File, Format Version 12.00
# Visual Studio Version 17
VisualStudioVersion = 17.10.35013.160
MinimumVisualStudioVersion = 10.0.40219.1
Project("{2150E333-8FDC-42A3-9474-1A3956D46DE8}") = "Application", "Application", "{BEBE14DE-FCF9-43C3-9E5A-D6EBC12DB617}"
EndProject
Project("{2150E333-8FDC-42A3-9474-1A3956D46DE8}") = "Domain", "Domain", "{630EF839-2DF0-4D6A-8897-4C8184BD214A}"
EndProject
Project("{2150E333-8FDC-42A3-9474-1A3956D46DE8}") = "Infra.Data", "Infra.Data", "{E0394116-6050-4325-8326-275A033DB12D}"
EndProject
Project("{2150E333-8FDC-42A3-9474-1A3956D46DE8}") = "Infra.IOC", "Infra.IOC", "{C8378FAC-5611-4E46-9BB4-21B4E8C6101F}"
EndProject
Project("{2150E333-8FDC-42A3-9474-1A3956D46DE8}") = "WebApi", "WebApi", "{40C7EAAA-2638-4396-82FB-DE6D8E10ABF3}"
EndProject
Project("{9A19103F-16F7-4668-BE54-9A1E7A4F7556}") = "WebApi", "WebApi\WebApi.csproj", "{F2DCA678-C64F-484F-A0B8-44566C1A2A6F}"
EndProject
Project("{9A19103F-16F7-4668-BE54-9A1E7A4F7556}") = "Domain", "Domain\Domain.csproj", "{593CC522-3439-4B9B-BD80-C896968D8FE1}"
EndProject
Project("{9A19103F-16F7-4668-BE54-9A1E7A4F7556}") = "Infra.Data", "Infra.Data\Infra.Data.csproj", "{207D6CCD-D1F3-4662-834B-3941C5D19302}"
EndProject
Project("{FAE04EC0-301F-11D3-BF4B-00C04F79EFBC}") = "Application", "Application\Application.csproj", "{F3C2BB31-6D8A-47C6-B343-C8ABB7FACB4E}"
EndProject
Global
	GlobalSection(SolutionConfigurationPlatforms) = preSolution
		Debug|Any CPU = Debug|Any CPU
		Release|Any CPU = Release|Any CPU
	EndGlobalSection
	GlobalSection(ProjectConfigurationPlatforms) = postSolution
		{F2DCA678-C64F-484F-A0B8-44566C1A2A6F}.Debug|Any CPU.ActiveCfg = Debug|Any CPU
		{F2DCA678-C64F-484F-A0B8-44566C1A2A6F}.Debug|Any CPU.Build.0 = Debug|Any CPU
		{F2DCA678-C64F-484F-A0B8-44566C1A2A6F}.Release|Any CPU.ActiveCfg = Release|Any CPU
		{F2DCA678-C64F-484F-A0B8-44566C1A2A6F}.Release|Any CPU.Build.0 = Release|Any CPU
		{593CC522-3439-4B9B-BD80-C896968D8FE1}.Debug|Any CPU.ActiveCfg = Debug|Any CPU
		{593CC522-3439-4B9B-BD80-C896968D8FE1}.Debug|Any CPU.Build.0 = Debug|Any CPU
		{593CC522-3439-4B9B-BD80-C896968D8FE1}.Release|Any CPU.ActiveCfg = Release|Any CPU
		{593CC522-3439-4B9B-BD80-C896968D8FE1}.Release|Any CPU.Build.0 = Release|Any CPU
		{207D6CCD-D1F3-4662-834B-3941C5D19302}.Debug|Any CPU.ActiveCfg = Debug|Any CPU
		{207D6CCD-D1F3-4662-834B-3941C5D19302}.Debug|Any CPU.Build.0 = Debug|Any CPU
		{207D6CCD-D1F3-4662-834B-3941C5D19302}.Release|Any CPU.ActiveCfg = Release|Any CPU
		{207D6CCD-D1F3-4662-834B-3941C5D19302}.Release|Any CPU.Build.0 = Release|Any CPU
		{F3C2BB31-6D8A-47C6-B343-C8ABB7FACB4E}.Debug|Any CPU.ActiveCfg = Debug|Any CPU
		{F3C2BB31-6D8A-47C6-B343-C8ABB7FACB4E}.Debug|Any CPU.Build.0 = Debug|Any CPU
		{F3C2BB31-6D8A-47C6-B343-C8ABB7FACB4E}.Release|Any CPU.ActiveCfg = Release|Any CPU
		{F3C2BB31-6D8A-47C6-B343-C8ABB7FACB4E}.Release|Any CPU.Build.0 = Release|Any CPU
	EndGlobalSection
	GlobalSection(SolutionProperties) = preSolution
		HideSolutionNode = FALSE
	EndGlobalSection
	GlobalSection(NestedProjects) = preSolution
		{F2DCA678-C64F-484F-A0B8-44566C1A2A6F} = {40C7EAAA-2638-4396-82FB-DE6D8E10ABF3}
		{593CC522-3439-4B9B-BD80-C896968D8FE1} = {630EF839-2DF0-4D6A-8897-4C8184BD214A}
		{207D6CCD-D1F3-4662-834B-3941C5D19302} = {E0394116-6050-4325-8326-275A033DB12D}
		{F3C2BB31-6D8A-47C6-B343-C8ABB7FACB4E} = {BEBE14DE-FCF9-43C3-9E5A-D6EBC12DB617}
	EndGlobalSection
	GlobalSection(ExtensibilityGlobals) = postSolution
		SolutionGuid = {9726D1AD-92C4-414D-89A2-1354CDB453D1}
	EndGlobalSection
EndGlobal
